
Microsoft Visual Studio Solution File, Format Version 11.00
# Visual Studio 2010
Project("{C8D11400-126E-41CD-887F-60BD40844F9E}") = "Keeley", "Keeley\Keeley.dbproj", "{67CBC824-A49E-4E9B-A947-360F3DFE65C3}"
EndProject
Project("{FAE04EC0-301F-11D3-BF4B-00C04F79EFBC}") = "StoredProcedureGenerator", "StoredProcedureGenerator\StoredProcedureGenerator.csproj", "{7454033E-1545-4C96-81E0-9A8ECC1F27BC}"
EndProject
Global
	GlobalSection(SolutionConfigurationPlatforms) = preSolution
		Debug|Any CPU = Debug|Any CPU
		Release|Any CPU = Release|Any CPU
	EndGlobalSection
	GlobalSection(ProjectConfigurationPlatforms) = postSolution
		{67CBC824-A49E-4E9B-A947-360F3DFE65C3}.Debug|Any CPU.ActiveCfg = Debug|Any CPU
		{67CBC824-A49E-4E9B-A947-360F3DFE65C3}.Debug|Any CPU.Build.0 = Debug|Any CPU
		{67CBC824-A49E-4E9B-A947-360F3DFE65C3}.Debug|Any CPU.Deploy.0 = Debug|Any CPU
		{67CBC824-A49E-4E9B-A947-360F3DFE65C3}.Release|Any CPU.ActiveCfg = Release|Any CPU
		{67CBC824-A49E-4E9B-A947-360F3DFE65C3}.Release|Any CPU.Build.0 = Release|Any CPU
		{67CBC824-A49E-4E9B-A947-360F3DFE65C3}.Release|Any CPU.Deploy.0 = Release|Any CPU
		{7454033E-1545-4C96-81E0-9A8ECC1F27BC}.Debug|Any CPU.ActiveCfg = Debug|Any CPU
		{7454033E-1545-4C96-81E0-9A8ECC1F27BC}.Debug|Any CPU.Build.0 = Debug|Any CPU
		{7454033E-1545-4C96-81E0-9A8ECC1F27BC}.Release|Any CPU.ActiveCfg = Release|Any CPU
		{7454033E-1545-4C96-81E0-9A8ECC1F27BC}.Release|Any CPU.Build.0 = Release|Any CPU
	EndGlobalSection
	GlobalSection(SolutionProperties) = preSolution
		HideSolutionNode = FALSE
	EndGlobalSection
	GlobalSection(ExtensibilityGlobals) = postSolution
		VisualSVNWorkingCopyRoot = .
	EndGlobalSection
EndGlobal
